// !$*UTF8*$!
{
	archiveVersion = 1;
	classes = {
	};
	objectVersion = 56;
	objects = {

/* Begin PBXBuildFile section */
		6D1A00012B2C57B000783DD0 /* RickAndMortyCleanArquitectureApp.swift in Sources */ = {isa = PBXBuildFile; fileRef = 6D1A00002B2C57B000783DD0 /* RickAndMortyCleanArquitectureApp.swift */; };
		6D1A00052B2C57B100783DD0 /* Assets.xcassets in Resources */ = {isa = PBXBuildFile; fileRef = 6D1A00042B2C57B100783DD0 /* Assets.xcassets */; };
		6D1A00082B2C57B100783DD0 /* Preview Assets.xcassets in Resources */ = {isa = PBXBuildFile; fileRef = 6D1A00072B2C57B100783DD0 /* Preview Assets.xcassets */; };
		6D1A00102B2C586B00783DD0 /* Foundation+Extensions.swift in Sources */ = {isa = PBXBuildFile; fileRef = 6D1A000F2B2C586B00783DD0 /* Foundation+Extensions.swift */; };
		6D1A00232B2C59E900783DD0 /* Character.swift in Sources */ = {isa = PBXBuildFile; fileRef = 6D1A00222B2C59E900783DD0 /* Character.swift */; };
		6D1A00252B2C5A6400783DD0 /* Location.swift in Sources */ = {isa = PBXBuildFile; fileRef = 6D1A00242B2C5A6400783DD0 /* Location.swift */; };
		6D1A00272B2C5AB500783DD0 /* Episode.swift in Sources */ = {isa = PBXBuildFile; fileRef = 6D1A00262B2C5AB500783DD0 /* Episode.swift */; };
		6D1A00292B2C5B0600783DD0 /* CharacterResult.swift in Sources */ = {isa = PBXBuildFile; fileRef = 6D1A00282B2C5B0600783DD0 /* CharacterResult.swift */; };
		6D1A002B2B2C5B3300783DD0 /* InfoResult.swift in Sources */ = {isa = PBXBuildFile; fileRef = 6D1A002A2B2C5B3300783DD0 /* InfoResult.swift */; };
		6D1A002D2B2C5B9E00783DD0 /* LocationResult.swift in Sources */ = {isa = PBXBuildFile; fileRef = 6D1A002C2B2C5B9E00783DD0 /* LocationResult.swift */; };
		6D1A002F2B2C5BE100783DD0 /* EpisodeResult.swift in Sources */ = {isa = PBXBuildFile; fileRef = 6D1A002E2B2C5BE100783DD0 /* EpisodeResult.swift */; };
		6D1A00312B2C5C0800783DD0 /* GetAllCharactersList.swift in Sources */ = {isa = PBXBuildFile; fileRef = 6D1A00302B2C5C0800783DD0 /* GetAllCharactersList.swift */; };
		6D1A00332B2C5CAF00783DD0 /* RickAndMortyDomainError.swift in Sources */ = {isa = PBXBuildFile; fileRef = 6D1A00322B2C5CAF00783DD0 /* RickAndMortyDomainError.swift */; };
		6D1A00352B2C5CDE00783DD0 /* GetAllCharactersListType.swift in Sources */ = {isa = PBXBuildFile; fileRef = 6D1A00342B2C5CDE00783DD0 /* GetAllCharactersListType.swift */; };
		6D1A00372B2C5D5000783DD0 /* AllCharactersListRepositoryType.swift in Sources */ = {isa = PBXBuildFile; fileRef = 6D1A00362B2C5D5000783DD0 /* AllCharactersListRepositoryType.swift */; };
		6D1A00392B2C5DC200783DD0 /* AllCharactersListRepository.swift in Sources */ = {isa = PBXBuildFile; fileRef = 6D1A00382B2C5DC200783DD0 /* AllCharactersListRepository.swift */; };
		6D1A003B2B2C5E8F00783DD0 /* APICharactersDataSourceType.swift in Sources */ = {isa = PBXBuildFile; fileRef = 6D1A003A2B2C5E8F00783DD0 /* APICharactersDataSourceType.swift */; };
		6D1A003D2B2C5ED100783DD0 /* CharacterListDTO.swift in Sources */ = {isa = PBXBuildFile; fileRef = 6D1A003C2B2C5ED100783DD0 /* CharacterListDTO.swift */; };
		6D1A003F2B2C5EE100783DD0 /* HTTPClientError.swift in Sources */ = {isa = PBXBuildFile; fileRef = 6D1A003E2B2C5EE100783DD0 /* HTTPClientError.swift */; };
		6D1A00412B2C5F7E00783DD0 /* LocationDTO.swift in Sources */ = {isa = PBXBuildFile; fileRef = 6D1A00402B2C5F7E00783DD0 /* LocationDTO.swift */; };
		6D1A00432B2C5FD400783DD0 /* RickAndMortyDomainErrorMapper.swift in Sources */ = {isa = PBXBuildFile; fileRef = 6D1A00422B2C5FD400783DD0 /* RickAndMortyDomainErrorMapper.swift */; };
		6D1A00452B2C601300783DD0 /* CacheCharacterDataSourceType.swift in Sources */ = {isa = PBXBuildFile; fileRef = 6D1A00442B2C601300783DD0 /* CacheCharacterDataSourceType.swift */; };
		6D1A00472B2C624700783DD0 /* Endpoint.swift in Sources */ = {isa = PBXBuildFile; fileRef = 6D1A00462B2C624700783DD0 /* Endpoint.swift */; };
		6D1A00492B2C625400783DD0 /* HTTPMethod.swift in Sources */ = {isa = PBXBuildFile; fileRef = 6D1A00482B2C625400783DD0 /* HTTPMethod.swift */; };
		6D1A004B2B2C626100783DD0 /* HTTPClient.swift in Sources */ = {isa = PBXBuildFile; fileRef = 6D1A004A2B2C626100783DD0 /* HTTPClient.swift */; };
		6D1A004D2B2C628C00783DD0 /* APICharactersDataSource.swift in Sources */ = {isa = PBXBuildFile; fileRef = 6D1A004C2B2C628C00783DD0 /* APICharactersDataSource.swift */; };
		6D1A004F2B2C632C00783DD0 /* SwiftDataContainer.swift in Sources */ = {isa = PBXBuildFile; fileRef = 6D1A004E2B2C632C00783DD0 /* SwiftDataContainer.swift */; };
		6D1A00512B2C633400783DD0 /* SwiftDataContainerType.swift in Sources */ = {isa = PBXBuildFile; fileRef = 6D1A00502B2C633400783DD0 /* SwiftDataContainerType.swift */; };
		6D1A00532B2C63AA00783DD0 /* CharactersData.swift in Sources */ = {isa = PBXBuildFile; fileRef = 6D1A00522B2C63A900783DD0 /* CharactersData.swift */; };
		6D1A00552B2C649300783DD0 /* SwiftDataCacheDataSource.swift in Sources */ = {isa = PBXBuildFile; fileRef = 6D1A00542B2C649300783DD0 /* SwiftDataCacheDataSource.swift */; };
		6D1A00572B2C654000783DD0 /* URLSessionHTTPCLient.swift in Sources */ = {isa = PBXBuildFile; fileRef = 6D1A00562B2C654000783DD0 /* URLSessionHTTPCLient.swift */; };
		6D1A00592B2C655000783DD0 /* URLSessionErrorResolver.swift in Sources */ = {isa = PBXBuildFile; fileRef = 6D1A00582B2C655000783DD0 /* URLSessionErrorResolver.swift */; };
		6D1A005B2B2C655F00783DD0 /* URLSessionRequestMaker.swift in Sources */ = {isa = PBXBuildFile; fileRef = 6D1A005A2B2C655F00783DD0 /* URLSessionRequestMaker.swift */; };
		6D1A005D2B2C657F00783DD0 /* CharacterListViewModel.swift in Sources */ = {isa = PBXBuildFile; fileRef = 6D1A005C2B2C657F00783DD0 /* CharacterListViewModel.swift */; };
		6D1A005F2B2C65C200783DD0 /* RickAndMortyPresentableErrorMapper.swift in Sources */ = {isa = PBXBuildFile; fileRef = 6D1A005E2B2C65C200783DD0 /* RickAndMortyPresentableErrorMapper.swift */; };
		6D1A00612B2C664700783DD0 /* CharacterListPresentableItem.swift in Sources */ = {isa = PBXBuildFile; fileRef = 6D1A00602B2C664700783DD0 /* CharacterListPresentableItem.swift */; };
		6D1A00652B2C676900783DD0 /* CharacterListView.swift in Sources */ = {isa = PBXBuildFile; fileRef = 6D1A00642B2C676900783DD0 /* CharacterListView.swift */; };
		6D1A00672B2C67A900783DD0 /* LoadingSpinnerView.swift in Sources */ = {isa = PBXBuildFile; fileRef = 6D1A00662B2C67A900783DD0 /* LoadingSpinnerView.swift */; };
		6D1A00692B2C67CD00783DD0 /* CharacterListItemView.swift in Sources */ = {isa = PBXBuildFile; fileRef = 6D1A00682B2C67CD00783DD0 /* CharacterListItemView.swift */; };
		6D1A006B2B2C68DD00783DD0 /* CharacterListFactory.swift in Sources */ = {isa = PBXBuildFile; fileRef = 6D1A006A2B2C68DD00783DD0 /* CharacterListFactory.swift */; };
		6D1A006D2B2C6A5200783DD0 /* LocationData.swift in Sources */ = {isa = PBXBuildFile; fileRef = 6D1A006C2B2C6A5200783DD0 /* LocationData.swift */; };
		6D1A006F2B2C6BCE00783DD0 /* CharacterResponseDTO.swift in Sources */ = {isa = PBXBuildFile; fileRef = 6D1A006E2B2C6BCE00783DD0 /* CharacterResponseDTO.swift */; };
		6D1A00712B2C6C0200783DD0 /* InfoDTO.swift in Sources */ = {isa = PBXBuildFile; fileRef = 6D1A00702B2C6C0200783DD0 /* InfoDTO.swift */; };
		6D1A00732B2C71FE00783DD0 /* MainView.swift in Sources */ = {isa = PBXBuildFile; fileRef = 6D1A00722B2C71FE00783DD0 /* MainView.swift */; };
		6D4433B22B2DCBC000AFBB56 /* CharactersResultData.swift in Sources */ = {isa = PBXBuildFile; fileRef = 6D4433B12B2DCBC000AFBB56 /* CharactersResultData.swift */; };
		6D4433B42B2DD6A500AFBB56 /* InfoResultData.swift in Sources */ = {isa = PBXBuildFile; fileRef = 6D4433B32B2DD6A500AFBB56 /* InfoResultData.swift */; };
		6D4433B62B2DD77500AFBB56 /* SwiftDataDomainMapper.swift in Sources */ = {isa = PBXBuildFile; fileRef = 6D4433B52B2DD77500AFBB56 /* SwiftDataDomainMapper.swift */; };
/* End PBXBuildFile section */

/* Begin PBXFileReference section */
		6D1A00002B2C57B000783DD0 /* RickAndMortyCleanArquitectureApp.swift */ = {isa = PBXFileReference; lastKnownFileType = sourcecode.swift; path = RickAndMortyCleanArquitectureApp.swift; sourceTree = "<group>"; };
		6D1A00042B2C57B100783DD0 /* Assets.xcassets */ = {isa = PBXFileReference; lastKnownFileType = folder.assetcatalog; path = Assets.xcassets; sourceTree = "<group>"; };
		6D1A00072B2C57B100783DD0 /* Preview Assets.xcassets */ = {isa = PBXFileReference; lastKnownFileType = folder.assetcatalog; path = "Preview Assets.xcassets"; sourceTree = "<group>"; };
		6D1A000F2B2C586B00783DD0 /* Foundation+Extensions.swift */ = {isa = PBXFileReference; lastKnownFileType = sourcecode.swift; path = "Foundation+Extensions.swift"; sourceTree = "<group>"; };
		6D1A00222B2C59E900783DD0 /* Character.swift */ = {isa = PBXFileReference; lastKnownFileType = sourcecode.swift; path = Character.swift; sourceTree = "<group>"; };
		6D1A00242B2C5A6400783DD0 /* Location.swift */ = {isa = PBXFileReference; lastKnownFileType = sourcecode.swift; path = Location.swift; sourceTree = "<group>"; };
		6D1A00262B2C5AB500783DD0 /* Episode.swift */ = {isa = PBXFileReference; lastKnownFileType = sourcecode.swift; path = Episode.swift; sourceTree = "<group>"; };
		6D1A00282B2C5B0600783DD0 /* CharacterResult.swift */ = {isa = PBXFileReference; lastKnownFileType = sourcecode.swift; path = CharacterResult.swift; sourceTree = "<group>"; };
		6D1A002A2B2C5B3300783DD0 /* InfoResult.swift */ = {isa = PBXFileReference; lastKnownFileType = sourcecode.swift; path = InfoResult.swift; sourceTree = "<group>"; };
		6D1A002C2B2C5B9E00783DD0 /* LocationResult.swift */ = {isa = PBXFileReference; lastKnownFileType = sourcecode.swift; path = LocationResult.swift; sourceTree = "<group>"; };
		6D1A002E2B2C5BE100783DD0 /* EpisodeResult.swift */ = {isa = PBXFileReference; lastKnownFileType = sourcecode.swift; path = EpisodeResult.swift; sourceTree = "<group>"; };
		6D1A00302B2C5C0800783DD0 /* GetAllCharactersList.swift */ = {isa = PBXFileReference; lastKnownFileType = sourcecode.swift; path = GetAllCharactersList.swift; sourceTree = "<group>"; };
		6D1A00322B2C5CAF00783DD0 /* RickAndMortyDomainError.swift */ = {isa = PBXFileReference; lastKnownFileType = sourcecode.swift; path = RickAndMortyDomainError.swift; sourceTree = "<group>"; };
		6D1A00342B2C5CDE00783DD0 /* GetAllCharactersListType.swift */ = {isa = PBXFileReference; lastKnownFileType = sourcecode.swift; path = GetAllCharactersListType.swift; sourceTree = "<group>"; };
		6D1A00362B2C5D5000783DD0 /* AllCharactersListRepositoryType.swift */ = {isa = PBXFileReference; lastKnownFileType = sourcecode.swift; path = AllCharactersListRepositoryType.swift; sourceTree = "<group>"; };
		6D1A00382B2C5DC200783DD0 /* AllCharactersListRepository.swift */ = {isa = PBXFileReference; lastKnownFileType = sourcecode.swift; path = AllCharactersListRepository.swift; sourceTree = "<group>"; };
		6D1A003A2B2C5E8F00783DD0 /* APICharactersDataSourceType.swift */ = {isa = PBXFileReference; lastKnownFileType = sourcecode.swift; path = APICharactersDataSourceType.swift; sourceTree = "<group>"; };
		6D1A003C2B2C5ED100783DD0 /* CharacterListDTO.swift */ = {isa = PBXFileReference; lastKnownFileType = sourcecode.swift; path = CharacterListDTO.swift; sourceTree = "<group>"; };
		6D1A003E2B2C5EE100783DD0 /* HTTPClientError.swift */ = {isa = PBXFileReference; lastKnownFileType = sourcecode.swift; path = HTTPClientError.swift; sourceTree = "<group>"; };
		6D1A00402B2C5F7E00783DD0 /* LocationDTO.swift */ = {isa = PBXFileReference; lastKnownFileType = sourcecode.swift; path = LocationDTO.swift; sourceTree = "<group>"; };
		6D1A00422B2C5FD400783DD0 /* RickAndMortyDomainErrorMapper.swift */ = {isa = PBXFileReference; lastKnownFileType = sourcecode.swift; path = RickAndMortyDomainErrorMapper.swift; sourceTree = "<group>"; };
		6D1A00442B2C601300783DD0 /* CacheCharacterDataSourceType.swift */ = {isa = PBXFileReference; lastKnownFileType = sourcecode.swift; path = CacheCharacterDataSourceType.swift; sourceTree = "<group>"; };
		6D1A00462B2C624700783DD0 /* Endpoint.swift */ = {isa = PBXFileReference; lastKnownFileType = sourcecode.swift; path = Endpoint.swift; sourceTree = "<group>"; };
		6D1A00482B2C625400783DD0 /* HTTPMethod.swift */ = {isa = PBXFileReference; lastKnownFileType = sourcecode.swift; path = HTTPMethod.swift; sourceTree = "<group>"; };
		6D1A004A2B2C626100783DD0 /* HTTPClient.swift */ = {isa = PBXFileReference; lastKnownFileType = sourcecode.swift; path = HTTPClient.swift; sourceTree = "<group>"; };
		6D1A004C2B2C628C00783DD0 /* APICharactersDataSource.swift */ = {isa = PBXFileReference; lastKnownFileType = sourcecode.swift; path = APICharactersDataSource.swift; sourceTree = "<group>"; };
		6D1A004E2B2C632C00783DD0 /* SwiftDataContainer.swift */ = {isa = PBXFileReference; lastKnownFileType = sourcecode.swift; path = SwiftDataContainer.swift; sourceTree = "<group>"; };
		6D1A00502B2C633400783DD0 /* SwiftDataContainerType.swift */ = {isa = PBXFileReference; lastKnownFileType = sourcecode.swift; path = SwiftDataContainerType.swift; sourceTree = "<group>"; };
		6D1A00522B2C63A900783DD0 /* CharactersData.swift */ = {isa = PBXFileReference; lastKnownFileType = sourcecode.swift; path = CharactersData.swift; sourceTree = "<group>"; };
		6D1A00542B2C649300783DD0 /* SwiftDataCacheDataSource.swift */ = {isa = PBXFileReference; lastKnownFileType = sourcecode.swift; path = SwiftDataCacheDataSource.swift; sourceTree = "<group>"; };
		6D1A00562B2C654000783DD0 /* URLSessionHTTPCLient.swift */ = {isa = PBXFileReference; lastKnownFileType = sourcecode.swift; path = URLSessionHTTPCLient.swift; sourceTree = "<group>"; };
		6D1A00582B2C655000783DD0 /* URLSessionErrorResolver.swift */ = {isa = PBXFileReference; lastKnownFileType = sourcecode.swift; path = URLSessionErrorResolver.swift; sourceTree = "<group>"; };
		6D1A005A2B2C655F00783DD0 /* URLSessionRequestMaker.swift */ = {isa = PBXFileReference; lastKnownFileType = sourcecode.swift; path = URLSessionRequestMaker.swift; sourceTree = "<group>"; };
		6D1A005C2B2C657F00783DD0 /* CharacterListViewModel.swift */ = {isa = PBXFileReference; lastKnownFileType = sourcecode.swift; path = CharacterListViewModel.swift; sourceTree = "<group>"; };
		6D1A005E2B2C65C200783DD0 /* RickAndMortyPresentableErrorMapper.swift */ = {isa = PBXFileReference; lastKnownFileType = sourcecode.swift; path = RickAndMortyPresentableErrorMapper.swift; sourceTree = "<group>"; };
		6D1A00602B2C664700783DD0 /* CharacterListPresentableItem.swift */ = {isa = PBXFileReference; lastKnownFileType = sourcecode.swift; path = CharacterListPresentableItem.swift; sourceTree = "<group>"; };
		6D1A00642B2C676900783DD0 /* CharacterListView.swift */ = {isa = PBXFileReference; lastKnownFileType = sourcecode.swift; path = CharacterListView.swift; sourceTree = "<group>"; };
		6D1A00662B2C67A900783DD0 /* LoadingSpinnerView.swift */ = {isa = PBXFileReference; lastKnownFileType = sourcecode.swift; path = LoadingSpinnerView.swift; sourceTree = "<group>"; };
		6D1A00682B2C67CD00783DD0 /* CharacterListItemView.swift */ = {isa = PBXFileReference; lastKnownFileType = sourcecode.swift; path = CharacterListItemView.swift; sourceTree = "<group>"; };
		6D1A006A2B2C68DD00783DD0 /* CharacterListFactory.swift */ = {isa = PBXFileReference; lastKnownFileType = sourcecode.swift; path = CharacterListFactory.swift; sourceTree = "<group>"; };
		6D1A006C2B2C6A5200783DD0 /* LocationData.swift */ = {isa = PBXFileReference; lastKnownFileType = sourcecode.swift; path = LocationData.swift; sourceTree = "<group>"; };
		6D1A006E2B2C6BCE00783DD0 /* CharacterResponseDTO.swift */ = {isa = PBXFileReference; lastKnownFileType = sourcecode.swift; path = CharacterResponseDTO.swift; sourceTree = "<group>"; };
		6D1A00702B2C6C0200783DD0 /* InfoDTO.swift */ = {isa = PBXFileReference; lastKnownFileType = sourcecode.swift; path = InfoDTO.swift; sourceTree = "<group>"; };
		6D1A00722B2C71FE00783DD0 /* MainView.swift */ = {isa = PBXFileReference; lastKnownFileType = sourcecode.swift; path = MainView.swift; sourceTree = "<group>"; };
		6D1AFFFD2B2C57B000783DD0 /* RickAndMortyCleanArquitecture.app */ = {isa = PBXFileReference; explicitFileType = wrapper.application; includeInIndex = 0; path = RickAndMortyCleanArquitecture.app; sourceTree = BUILT_PRODUCTS_DIR; };
		6D4433B12B2DCBC000AFBB56 /* CharactersResultData.swift */ = {isa = PBXFileReference; lastKnownFileType = sourcecode.swift; path = CharactersResultData.swift; sourceTree = "<group>"; };
		6D4433B32B2DD6A500AFBB56 /* InfoResultData.swift */ = {isa = PBXFileReference; lastKnownFileType = sourcecode.swift; path = InfoResultData.swift; sourceTree = "<group>"; };
		6D4433B52B2DD77500AFBB56 /* SwiftDataDomainMapper.swift */ = {isa = PBXFileReference; lastKnownFileType = sourcecode.swift; path = SwiftDataDomainMapper.swift; sourceTree = "<group>"; };
/* End PBXFileReference section */

/* Begin PBXFrameworksBuildPhase section */
		6D1AFFFA2B2C57B000783DD0 /* Frameworks */ = {
			isa = PBXFrameworksBuildPhase;
			buildActionMask = 2147483647;
			files = (
			);
			runOnlyForDeploymentPostprocessing = 0;
		};
/* End PBXFrameworksBuildPhase section */

/* Begin PBXGroup section */
		6D1A00062B2C57B100783DD0 /* Preview Content */ = {
			isa = PBXGroup;
			children = (
				6D1A00072B2C57B100783DD0 /* Preview Assets.xcassets */,
			);
			path = "Preview Content";
			sourceTree = "<group>";
		};
		6D1A000E2B2C585D00783DD0 /* Utils */ = {
			isa = PBXGroup;
			children = (
				6D1A000F2B2C586B00783DD0 /* Foundation+Extensions.swift */,
			);
			path = Utils;
			sourceTree = "<group>";
		};
		6D1A00112B2C587900783DD0 /* Composition Root */ = {
			isa = PBXGroup;
			children = (
				6D1A006A2B2C68DD00783DD0 /* CharacterListFactory.swift */,
			);
			path = "Composition Root";
			sourceTree = "<group>";
		};
		6D1A00122B2C588C00783DD0 /* UI */ = {
			isa = PBXGroup;
			children = (
				6D1A00642B2C676900783DD0 /* CharacterListView.swift */,
				6D1A00662B2C67A900783DD0 /* LoadingSpinnerView.swift */,
				6D1A00682B2C67CD00783DD0 /* CharacterListItemView.swift */,
			);
			path = UI;
			sourceTree = "<group>";
		};
		6D1A00132B2C589800783DD0 /* Presentation */ = {
			isa = PBXGroup;
			children = (
				6D1A005C2B2C657F00783DD0 /* CharacterListViewModel.swift */,
				6D1A005E2B2C65C200783DD0 /* RickAndMortyPresentableErrorMapper.swift */,
				6D1A00602B2C664700783DD0 /* CharacterListPresentableItem.swift */,
			);
			path = Presentation;
			sourceTree = "<group>";
		};
		6D1A00142B2C58A400783DD0 /* Infraestructure */ = {
			isa = PBXGroup;
			children = (
				6D1A00152B2C58B000783DD0 /* Data */,
				6D1A00162B2C58B900783DD0 /* Networking */,
			);
			path = Infraestructure;
			sourceTree = "<group>";
		};
		6D1A00152B2C58B000783DD0 /* Data */ = {
			isa = PBXGroup;
			children = (
				6D1A004E2B2C632C00783DD0 /* SwiftDataContainer.swift */,
				6D1A00502B2C633400783DD0 /* SwiftDataContainerType.swift */,
				6D1A00522B2C63A900783DD0 /* CharactersData.swift */,
				6D1A00542B2C649300783DD0 /* SwiftDataCacheDataSource.swift */,
				6D1A006C2B2C6A5200783DD0 /* LocationData.swift */,
				6D4433B12B2DCBC000AFBB56 /* CharactersResultData.swift */,
				6D4433B32B2DD6A500AFBB56 /* InfoResultData.swift */,
				6D4433B52B2DD77500AFBB56 /* SwiftDataDomainMapper.swift */,
			);
			path = Data;
			sourceTree = "<group>";
		};
		6D1A00162B2C58B900783DD0 /* Networking */ = {
			isa = PBXGroup;
			children = (
				6D1A00562B2C654000783DD0 /* URLSessionHTTPCLient.swift */,
				6D1A00582B2C655000783DD0 /* URLSessionErrorResolver.swift */,
				6D1A005A2B2C655F00783DD0 /* URLSessionRequestMaker.swift */,
			);
			path = Networking;
			sourceTree = "<group>";
		};
		6D1A00172B2C58CA00783DD0 /* Data */ = {
			isa = PBXGroup;
			children = (
				6D1A00182B2C58D300783DD0 /* Mapper */,
				6D1A00192B2C58D900783DD0 /* Cache */,
				6D1A001A2B2C58E200783DD0 /* Networking */,
				6D1A001B2B2C58FA00783DD0 /* DTOs */,
				6D1A001C2B2C591700783DD0 /* Repositories */,
			);
			path = Data;
			sourceTree = "<group>";
		};
		6D1A00182B2C58D300783DD0 /* Mapper */ = {
			isa = PBXGroup;
			children = (
				6D1A00422B2C5FD400783DD0 /* RickAndMortyDomainErrorMapper.swift */,
			);
			path = Mapper;
			sourceTree = "<group>";
		};
		6D1A00192B2C58D900783DD0 /* Cache */ = {
			isa = PBXGroup;
			children = (
				6D1A00442B2C601300783DD0 /* CacheCharacterDataSourceType.swift */,
			);
			path = Cache;
			sourceTree = "<group>";
		};
		6D1A001A2B2C58E200783DD0 /* Networking */ = {
			isa = PBXGroup;
			children = (
				6D1A003A2B2C5E8F00783DD0 /* APICharactersDataSourceType.swift */,
				6D1A003E2B2C5EE100783DD0 /* HTTPClientError.swift */,
				6D1A00462B2C624700783DD0 /* Endpoint.swift */,
				6D1A00482B2C625400783DD0 /* HTTPMethod.swift */,
				6D1A004A2B2C626100783DD0 /* HTTPClient.swift */,
				6D1A004C2B2C628C00783DD0 /* APICharactersDataSource.swift */,
			);
			path = Networking;
			sourceTree = "<group>";
		};
		6D1A001B2B2C58FA00783DD0 /* DTOs */ = {
			isa = PBXGroup;
			children = (
				6D1A003C2B2C5ED100783DD0 /* CharacterListDTO.swift */,
				6D1A00402B2C5F7E00783DD0 /* LocationDTO.swift */,
				6D1A006E2B2C6BCE00783DD0 /* CharacterResponseDTO.swift */,
				6D1A00702B2C6C0200783DD0 /* InfoDTO.swift */,
			);
			path = DTOs;
			sourceTree = "<group>";
		};
		6D1A001C2B2C591700783DD0 /* Repositories */ = {
			isa = PBXGroup;
			children = (
				6D1A00382B2C5DC200783DD0 /* AllCharactersListRepository.swift */,
			);
			path = Repositories;
			sourceTree = "<group>";
		};
		6D1A001D2B2C593300783DD0 /* Domain */ = {
			isa = PBXGroup;
			children = (
				6D1A001E2B2C593D00783DD0 /* Error */,
				6D1A001F2B2C594200783DD0 /* Interfaces */,
				6D1A00202B2C594C00783DD0 /* Use Cases */,
				6D1A00212B2C595900783DD0 /* Entities */,
			);
			path = Domain;
			sourceTree = "<group>";
		};
		6D1A001E2B2C593D00783DD0 /* Error */ = {
			isa = PBXGroup;
			children = (
				6D1A00322B2C5CAF00783DD0 /* RickAndMortyDomainError.swift */,
			);
			path = Error;
			sourceTree = "<group>";
		};
		6D1A001F2B2C594200783DD0 /* Interfaces */ = {
			isa = PBXGroup;
			children = (
				6D1A00342B2C5CDE00783DD0 /* GetAllCharactersListType.swift */,
				6D1A00362B2C5D5000783DD0 /* AllCharactersListRepositoryType.swift */,
			);
			path = Interfaces;
			sourceTree = "<group>";
		};
		6D1A00202B2C594C00783DD0 /* Use Cases */ = {
			isa = PBXGroup;
			children = (
				6D1A00302B2C5C0800783DD0 /* GetAllCharactersList.swift */,
			);
			path = "Use Cases";
			sourceTree = "<group>";
		};
		6D1A00212B2C595900783DD0 /* Entities */ = {
			isa = PBXGroup;
			children = (
				6D1A00222B2C59E900783DD0 /* Character.swift */,
				6D1A00242B2C5A6400783DD0 /* Location.swift */,
				6D1A00262B2C5AB500783DD0 /* Episode.swift */,
				6D1A00282B2C5B0600783DD0 /* CharacterResult.swift */,
				6D1A002A2B2C5B3300783DD0 /* InfoResult.swift */,
				6D1A002C2B2C5B9E00783DD0 /* LocationResult.swift */,
				6D1A002E2B2C5BE100783DD0 /* EpisodeResult.swift */,
			);
			path = Entities;
			sourceTree = "<group>";
		};
		6D1AFFF42B2C57B000783DD0 = {
			isa = PBXGroup;
			children = (
				6D1AFFFF2B2C57B000783DD0 /* RickAndMortyCleanArquitecture */,
				6D1AFFFE2B2C57B000783DD0 /* Products */,
			);
			sourceTree = "<group>";
		};
		6D1AFFFE2B2C57B000783DD0 /* Products */ = {
			isa = PBXGroup;
			children = (
				6D1AFFFD2B2C57B000783DD0 /* RickAndMortyCleanArquitecture.app */,
			);
			name = Products;
			sourceTree = "<group>";
		};
		6D1AFFFF2B2C57B000783DD0 /* RickAndMortyCleanArquitecture */ = {
			isa = PBXGroup;
			children = (
				6D1A00002B2C57B000783DD0 /* RickAndMortyCleanArquitectureApp.swift */,
				6D1A00722B2C71FE00783DD0 /* MainView.swift */,
				6D1A000E2B2C585D00783DD0 /* Utils */,
				6D1A00112B2C587900783DD0 /* Composition Root */,
				6D1A00122B2C588C00783DD0 /* UI */,
				6D1A00132B2C589800783DD0 /* Presentation */,
				6D1A00142B2C58A400783DD0 /* Infraestructure */,
				6D1A00172B2C58CA00783DD0 /* Data */,
				6D1A001D2B2C593300783DD0 /* Domain */,
				6D1A00042B2C57B100783DD0 /* Assets.xcassets */,
				6D1A00062B2C57B100783DD0 /* Preview Content */,
			);
			path = RickAndMortyCleanArquitecture;
			sourceTree = "<group>";
		};
/* End PBXGroup section */

/* Begin PBXNativeTarget section */
		6D1AFFFC2B2C57B000783DD0 /* RickAndMortyCleanArquitecture */ = {
			isa = PBXNativeTarget;
			buildConfigurationList = 6D1A000B2B2C57B100783DD0 /* Build configuration list for PBXNativeTarget "RickAndMortyCleanArquitecture" */;
			buildPhases = (
				6D1AFFF92B2C57B000783DD0 /* Sources */,
				6D1AFFFA2B2C57B000783DD0 /* Frameworks */,
				6D1AFFFB2B2C57B000783DD0 /* Resources */,
			);
			buildRules = (
			);
			dependencies = (
			);
			name = RickAndMortyCleanArquitecture;
			productName = RickAndMortyCleanArquitecture;
			productReference = 6D1AFFFD2B2C57B000783DD0 /* RickAndMortyCleanArquitecture.app */;
			productType = "com.apple.product-type.application";
		};
/* End PBXNativeTarget section */

/* Begin PBXProject section */
		6D1AFFF52B2C57B000783DD0 /* Project object */ = {
			isa = PBXProject;
			attributes = {
				BuildIndependentTargetsInParallel = 1;
				LastSwiftUpdateCheck = 1500;
				LastUpgradeCheck = 1500;
				TargetAttributes = {
					6D1AFFFC2B2C57B000783DD0 = {
						CreatedOnToolsVersion = 15.0.1;
					};
				};
			};
			buildConfigurationList = 6D1AFFF82B2C57B000783DD0 /* Build configuration list for PBXProject "RickAndMortyCleanArquitecture" */;
			compatibilityVersion = "Xcode 14.0";
			developmentRegion = en;
			hasScannedForEncodings = 0;
			knownRegions = (
				en,
				Base,
			);
			mainGroup = 6D1AFFF42B2C57B000783DD0;
			productRefGroup = 6D1AFFFE2B2C57B000783DD0 /* Products */;
			projectDirPath = "";
			projectRoot = "";
			targets = (
				6D1AFFFC2B2C57B000783DD0 /* RickAndMortyCleanArquitecture */,
			);
		};
/* End PBXProject section */

/* Begin PBXResourcesBuildPhase section */
		6D1AFFFB2B2C57B000783DD0 /* Resources */ = {
			isa = PBXResourcesBuildPhase;
			buildActionMask = 2147483647;
			files = (
				6D1A00082B2C57B100783DD0 /* Preview Assets.xcassets in Resources */,
				6D1A00052B2C57B100783DD0 /* Assets.xcassets in Resources */,
			);
			runOnlyForDeploymentPostprocessing = 0;
		};
/* End PBXResourcesBuildPhase section */

/* Begin PBXSourcesBuildPhase section */
		6D1AFFF92B2C57B000783DD0 /* Sources */ = {
			isa = PBXSourcesBuildPhase;
			buildActionMask = 2147483647;
			files = (
				6D1A00432B2C5FD400783DD0 /* RickAndMortyDomainErrorMapper.swift in Sources */,
				6D1A005D2B2C657F00783DD0 /* CharacterListViewModel.swift in Sources */,
				6D4433B62B2DD77500AFBB56 /* SwiftDataDomainMapper.swift in Sources */,
				6D1A00732B2C71FE00783DD0 /* MainView.swift in Sources */,
				6D1A00672B2C67A900783DD0 /* LoadingSpinnerView.swift in Sources */,
				6D1A00412B2C5F7E00783DD0 /* LocationDTO.swift in Sources */,
				6D1A00612B2C664700783DD0 /* CharacterListPresentableItem.swift in Sources */,
				6D1A004B2B2C626100783DD0 /* HTTPClient.swift in Sources */,
				6D1A00292B2C5B0600783DD0 /* CharacterResult.swift in Sources */,
				6D1A00312B2C5C0800783DD0 /* GetAllCharactersList.swift in Sources */,
				6D1A00532B2C63AA00783DD0 /* CharactersData.swift in Sources */,
				6D1A006D2B2C6A5200783DD0 /* LocationData.swift in Sources */,
				6D1A00692B2C67CD00783DD0 /* CharacterListItemView.swift in Sources */,
				6D1A00592B2C655000783DD0 /* URLSessionErrorResolver.swift in Sources */,
				6D1A005B2B2C655F00783DD0 /* URLSessionRequestMaker.swift in Sources */,
				6D1A00552B2C649300783DD0 /* SwiftDataCacheDataSource.swift in Sources */,
				6D1A006B2B2C68DD00783DD0 /* CharacterListFactory.swift in Sources */,
				6D1A00272B2C5AB500783DD0 /* Episode.swift in Sources */,
				6D1A004D2B2C628C00783DD0 /* APICharactersDataSource.swift in Sources */,
				6D1A00012B2C57B000783DD0 /* RickAndMortyCleanArquitectureApp.swift in Sources */,
				6D1A00512B2C633400783DD0 /* SwiftDataContainerType.swift in Sources */,
				6D1A002B2B2C5B3300783DD0 /* InfoResult.swift in Sources */,
				6D1A00392B2C5DC200783DD0 /* AllCharactersListRepository.swift in Sources */,
				6D1A00252B2C5A6400783DD0 /* Location.swift in Sources */,
				6D1A00372B2C5D5000783DD0 /* AllCharactersListRepositoryType.swift in Sources */,
				6D1A003F2B2C5EE100783DD0 /* HTTPClientError.swift in Sources */,
				6D1A003B2B2C5E8F00783DD0 /* APICharactersDataSourceType.swift in Sources */,
				6D1A003D2B2C5ED100783DD0 /* CharacterListDTO.swift in Sources */,
				6D1A00452B2C601300783DD0 /* CacheCharacterDataSourceType.swift in Sources */,
				6D1A002F2B2C5BE100783DD0 /* EpisodeResult.swift in Sources */,
				6D4433B22B2DCBC000AFBB56 /* CharactersResultData.swift in Sources */,
				6D1A00352B2C5CDE00783DD0 /* GetAllCharactersListType.swift in Sources */,
				6D1A002D2B2C5B9E00783DD0 /* LocationResult.swift in Sources */,
				6D1A00332B2C5CAF00783DD0 /* RickAndMortyDomainError.swift in Sources */,
				6D1A00102B2C586B00783DD0 /* Foundation+Extensions.swift in Sources */,
				6D1A006F2B2C6BCE00783DD0 /* CharacterResponseDTO.swift in Sources */,
				6D1A005F2B2C65C200783DD0 /* RickAndMortyPresentableErrorMapper.swift in Sources */,
				6D1A00652B2C676900783DD0 /* CharacterListView.swift in Sources */,
				6D1A00572B2C654000783DD0 /* URLSessionHTTPCLient.swift in Sources */,
				6D1A00492B2C625400783DD0 /* HTTPMethod.swift in Sources */,
				6D1A004F2B2C632C00783DD0 /* SwiftDataContainer.swift in Sources */,
				6D4433B42B2DD6A500AFBB56 /* InfoResultData.swift in Sources */,
				6D1A00472B2C624700783DD0 /* Endpoint.swift in Sources */,
				6D1A00232B2C59E900783DD0 /* Character.swift in Sources */,
				6D1A00712B2C6C0200783DD0 /* InfoDTO.swift in Sources */,
			);
			runOnlyForDeploymentPostprocessing = 0;
		};
/* End PBXSourcesBuildPhase section */

/* Begin XCBuildConfiguration section */
		6D1A00092B2C57B100783DD0 /* Debug */ = {
			isa = XCBuildConfiguration;
			buildSettings = {
				ALWAYS_SEARCH_USER_PATHS = NO;
				ASSETCATALOG_COMPILER_GENERATE_SWIFT_ASSET_SYMBOL_EXTENSIONS = YES;
				CLANG_ANALYZER_NONNULL = YES;
				CLANG_ANALYZER_NUMBER_OBJECT_CONVERSION = YES_AGGRESSIVE;
				CLANG_CXX_LANGUAGE_STANDARD = "gnu++20";
				CLANG_ENABLE_MODULES = YES;
				CLANG_ENABLE_OBJC_ARC = YES;
				CLANG_ENABLE_OBJC_WEAK = YES;
				CLANG_WARN_BLOCK_CAPTURE_AUTORELEASING = YES;
				CLANG_WARN_BOOL_CONVERSION = YES;
				CLANG_WARN_COMMA = YES;
				CLANG_WARN_CONSTANT_CONVERSION = YES;
				CLANG_WARN_DEPRECATED_OBJC_IMPLEMENTATIONS = YES;
				CLANG_WARN_DIRECT_OBJC_ISA_USAGE = YES_ERROR;
				CLANG_WARN_DOCUMENTATION_COMMENTS = YES;
				CLANG_WARN_EMPTY_BODY = YES;
				CLANG_WARN_ENUM_CONVERSION = YES;
				CLANG_WARN_INFINITE_RECURSION = YES;
				CLANG_WARN_INT_CONVERSION = YES;
				CLANG_WARN_NON_LITERAL_NULL_CONVERSION = YES;
				CLANG_WARN_OBJC_IMPLICIT_RETAIN_SELF = YES;
				CLANG_WARN_OBJC_LITERAL_CONVERSION = YES;
				CLANG_WARN_OBJC_ROOT_CLASS = YES_ERROR;
				CLANG_WARN_QUOTED_INCLUDE_IN_FRAMEWORK_HEADER = YES;
				CLANG_WARN_RANGE_LOOP_ANALYSIS = YES;
				CLANG_WARN_STRICT_PROTOTYPES = YES;
				CLANG_WARN_SUSPICIOUS_MOVE = YES;
				CLANG_WARN_UNGUARDED_AVAILABILITY = YES_AGGRESSIVE;
				CLANG_WARN_UNREACHABLE_CODE = YES;
				CLANG_WARN__DUPLICATE_METHOD_MATCH = YES;
				COPY_PHASE_STRIP = NO;
				DEBUG_INFORMATION_FORMAT = dwarf;
				ENABLE_STRICT_OBJC_MSGSEND = YES;
				ENABLE_TESTABILITY = YES;
				ENABLE_USER_SCRIPT_SANDBOXING = YES;
				GCC_C_LANGUAGE_STANDARD = gnu17;
				GCC_DYNAMIC_NO_PIC = NO;
				GCC_NO_COMMON_BLOCKS = YES;
				GCC_OPTIMIZATION_LEVEL = 0;
				GCC_PREPROCESSOR_DEFINITIONS = (
					"DEBUG=1",
					"$(inherited)",
				);
				GCC_WARN_64_TO_32_BIT_CONVERSION = YES;
				GCC_WARN_ABOUT_RETURN_TYPE = YES_ERROR;
				GCC_WARN_UNDECLARED_SELECTOR = YES;
				GCC_WARN_UNINITIALIZED_AUTOS = YES_AGGRESSIVE;
				GCC_WARN_UNUSED_FUNCTION = YES;
				GCC_WARN_UNUSED_VARIABLE = YES;
				IPHONEOS_DEPLOYMENT_TARGET = 17.0;
				LOCALIZATION_PREFERS_STRING_CATALOGS = YES;
				MTL_ENABLE_DEBUG_INFO = INCLUDE_SOURCE;
				MTL_FAST_MATH = YES;
				ONLY_ACTIVE_ARCH = YES;
				SDKROOT = iphoneos;
				SWIFT_ACTIVE_COMPILATION_CONDITIONS = "DEBUG $(inherited)";
				SWIFT_OPTIMIZATION_LEVEL = "-Onone";
			};
			name = Debug;
		};
		6D1A000A2B2C57B100783DD0 /* Release */ = {
			isa = XCBuildConfiguration;
			buildSettings = {
				ALWAYS_SEARCH_USER_PATHS = NO;
				ASSETCATALOG_COMPILER_GENERATE_SWIFT_ASSET_SYMBOL_EXTENSIONS = YES;
				CLANG_ANALYZER_NONNULL = YES;
				CLANG_ANALYZER_NUMBER_OBJECT_CONVERSION = YES_AGGRESSIVE;
				CLANG_CXX_LANGUAGE_STANDARD = "gnu++20";
				CLANG_ENABLE_MODULES = YES;
				CLANG_ENABLE_OBJC_ARC = YES;
				CLANG_ENABLE_OBJC_WEAK = YES;
				CLANG_WARN_BLOCK_CAPTURE_AUTORELEASING = YES;
				CLANG_WARN_BOOL_CONVERSION = YES;
				CLANG_WARN_COMMA = YES;
				CLANG_WARN_CONSTANT_CONVERSION = YES;
				CLANG_WARN_DEPRECATED_OBJC_IMPLEMENTATIONS = YES;
				CLANG_WARN_DIRECT_OBJC_ISA_USAGE = YES_ERROR;
				CLANG_WARN_DOCUMENTATION_COMMENTS = YES;
				CLANG_WARN_EMPTY_BODY = YES;
				CLANG_WARN_ENUM_CONVERSION = YES;
				CLANG_WARN_INFINITE_RECURSION = YES;
				CLANG_WARN_INT_CONVERSION = YES;
				CLANG_WARN_NON_LITERAL_NULL_CONVERSION = YES;
				CLANG_WARN_OBJC_IMPLICIT_RETAIN_SELF = YES;
				CLANG_WARN_OBJC_LITERAL_CONVERSION = YES;
				CLANG_WARN_OBJC_ROOT_CLASS = YES_ERROR;
				CLANG_WARN_QUOTED_INCLUDE_IN_FRAMEWORK_HEADER = YES;
				CLANG_WARN_RANGE_LOOP_ANALYSIS = YES;
				CLANG_WARN_STRICT_PROTOTYPES = YES;
				CLANG_WARN_SUSPICIOUS_MOVE = YES;
				CLANG_WARN_UNGUARDED_AVAILABILITY = YES_AGGRESSIVE;
				CLANG_WARN_UNREACHABLE_CODE = YES;
				CLANG_WARN__DUPLICATE_METHOD_MATCH = YES;
				COPY_PHASE_STRIP = NO;
				DEBUG_INFORMATION_FORMAT = "dwarf-with-dsym";
				ENABLE_NS_ASSERTIONS = NO;
				ENABLE_STRICT_OBJC_MSGSEND = YES;
				ENABLE_USER_SCRIPT_SANDBOXING = YES;
				GCC_C_LANGUAGE_STANDARD = gnu17;
				GCC_NO_COMMON_BLOCKS = YES;
				GCC_WARN_64_TO_32_BIT_CONVERSION = YES;
				GCC_WARN_ABOUT_RETURN_TYPE = YES_ERROR;
				GCC_WARN_UNDECLARED_SELECTOR = YES;
				GCC_WARN_UNINITIALIZED_AUTOS = YES_AGGRESSIVE;
				GCC_WARN_UNUSED_FUNCTION = YES;
				GCC_WARN_UNUSED_VARIABLE = YES;
				IPHONEOS_DEPLOYMENT_TARGET = 17.0;
				LOCALIZATION_PREFERS_STRING_CATALOGS = YES;
				MTL_ENABLE_DEBUG_INFO = NO;
				MTL_FAST_MATH = YES;
				SDKROOT = iphoneos;
				SWIFT_COMPILATION_MODE = wholemodule;
				VALIDATE_PRODUCT = YES;
			};
			name = Release;
		};
		6D1A000C2B2C57B100783DD0 /* Debug */ = {
			isa = XCBuildConfiguration;
			buildSettings = {
				ASSETCATALOG_COMPILER_APPICON_NAME = AppIcon;
				ASSETCATALOG_COMPILER_GLOBAL_ACCENT_COLOR_NAME = AccentColor;
				CODE_SIGN_STYLE = Automatic;
				CURRENT_PROJECT_VERSION = 1;
				DEVELOPMENT_ASSET_PATHS = "\"RickAndMortyCleanArquitecture/Preview Content\"";
				DEVELOPMENT_TEAM = BDJY23GUM8;
				ENABLE_PREVIEWS = YES;
				GENERATE_INFOPLIST_FILE = YES;
				INFOPLIST_KEY_UIApplicationSceneManifest_Generation = YES;
				INFOPLIST_KEY_UIApplicationSupportsIndirectInputEvents = YES;
				INFOPLIST_KEY_UILaunchScreen_Generation = YES;
				INFOPLIST_KEY_UISupportedInterfaceOrientations_iPad = "UIInterfaceOrientationPortrait UIInterfaceOrientationPortraitUpsideDown UIInterfaceOrientationLandscapeLeft UIInterfaceOrientationLandscapeRight";
				INFOPLIST_KEY_UISupportedInterfaceOrientations_iPhone = "UIInterfaceOrientationPortrait UIInterfaceOrientationLandscapeLeft UIInterfaceOrientationLandscapeRight";
				LD_RUNPATH_SEARCH_PATHS = (
					"$(inherited)",
					"@executable_path/Frameworks",
				);
				MARKETING_VERSION = 1.0;
				PRODUCT_BUNDLE_IDENTIFIER = com.edguitian.RickAndMortyCleanArquitecture;
				PRODUCT_NAME = "$(TARGET_NAME)";
				SWIFT_EMIT_LOC_STRINGS = YES;
				SWIFT_VERSION = 5.0;
				TARGETED_DEVICE_FAMILY = "1,2";
			};
			name = Debug;
		};
		6D1A000D2B2C57B100783DD0 /* Release */ = {
			isa = XCBuildConfiguration;
			buildSettings = {
				ASSETCATALOG_COMPILER_APPICON_NAME = AppIcon;
				ASSETCATALOG_COMPILER_GLOBAL_ACCENT_COLOR_NAME = AccentColor;
				CODE_SIGN_STYLE = Automatic;
				CURRENT_PROJECT_VERSION = 1;
				DEVELOPMENT_ASSET_PATHS = "\"RickAndMortyCleanArquitecture/Preview Content\"";
				DEVELOPMENT_TEAM = BDJY23GUM8;
				ENABLE_PREVIEWS = YES;
				GENERATE_INFOPLIST_FILE = YES;
				INFOPLIST_KEY_UIApplicationSceneManifest_Generation = YES;
				INFOPLIST_KEY_UIApplicationSupportsIndirectInputEvents = YES;
				INFOPLIST_KEY_UILaunchScreen_Generation = YES;
				INFOPLIST_KEY_UISupportedInterfaceOrientations_iPad = "UIInterfaceOrientationPortrait UIInterfaceOrientationPortraitUpsideDown UIInterfaceOrientationLandscapeLeft UIInterfaceOrientationLandscapeRight";
				INFOPLIST_KEY_UISupportedInterfaceOrientations_iPhone = "UIInterfaceOrientationPortrait UIInterfaceOrientationLandscapeLeft UIInterfaceOrientationLandscapeRight";
				LD_RUNPATH_SEARCH_PATHS = (
					"$(inherited)",
					"@executable_path/Frameworks",
				);
				MARKETING_VERSION = 1.0;
				PRODUCT_BUNDLE_IDENTIFIER = com.edguitian.RickAndMortyCleanArquitecture;
				PRODUCT_NAME = "$(TARGET_NAME)";
				SWIFT_EMIT_LOC_STRINGS = YES;
				SWIFT_VERSION = 5.0;
				TARGETED_DEVICE_FAMILY = "1,2";
			};
			name = Release;
		};
/* End XCBuildConfiguration section */

/* Begin XCConfigurationList section */
		6D1A000B2B2C57B100783DD0 /* Build configuration list for PBXNativeTarget "RickAndMortyCleanArquitecture" */ = {
			isa = XCConfigurationList;
			buildConfigurations = (
				6D1A000C2B2C57B100783DD0 /* Debug */,
				6D1A000D2B2C57B100783DD0 /* Release */,
			);
			defaultConfigurationIsVisible = 0;
			defaultConfigurationName = Release;
		};
		6D1AFFF82B2C57B000783DD0 /* Build configuration list for PBXProject "RickAndMortyCleanArquitecture" */ = {
			isa = XCConfigurationList;
			buildConfigurations = (
				6D1A00092B2C57B100783DD0 /* Debug */,
				6D1A000A2B2C57B100783DD0 /* Release */,
			);
			defaultConfigurationIsVisible = 0;
			defaultConfigurationName = Release;
		};
/* End XCConfigurationList section */
	};
	rootObject = 6D1AFFF52B2C57B000783DD0 /* Project object */;
}
